
Microsoft Visual Studio Solution File, Format Version 12.00
# Visual Studio 15
VisualStudioVersion = 15.0.27703.2035
MinimumVisualStudioVersion = 10.0.40219.1
Project("{8BC9CEB8-8B4A-11D0-8D11-00A0C91BC942}") = "network", "network\network.vcxproj", "{3B6CC82A-C607-4A45-B5A5-217AC3233016}"
	ProjectSection(ProjectDependencies) = postProject
		{DB08A26D-E9D3-4EE8-A4EF-E4B8745D90B8} = {DB08A26D-E9D3-4EE8-A4EF-E4B8745D90B8}
	EndProjectSection
EndProject
Project("{8BC9CEB8-8B4A-11D0-8D11-00A0C91BC942}") = "loginserver", "loginserver\loginserver.vcxproj", "{1E20C0A2-EE8B-46E8-A952-ADC2ED3054B4}"
	ProjectSection(ProjectDependencies) = postProject
		{3B6CC82A-C607-4A45-B5A5-217AC3233016} = {3B6CC82A-C607-4A45-B5A5-217AC3233016}
		{DB08A26D-E9D3-4EE8-A4EF-E4B8745D90B8} = {DB08A26D-E9D3-4EE8-A4EF-E4B8745D90B8}
	EndProjectSection
EndProject
Project("{8BC9CEB8-8B4A-11D0-8D11-00A0C91BC942}") = "common", "common\common.vcxproj", "{DB08A26D-E9D3-4EE8-A4EF-E4B8745D90B8}"
EndProject
Global
	GlobalSection(SolutionConfigurationPlatforms) = preSolution
		Debug|x64 = Debug|x64
		Debug|x86 = Debug|x86
		Release|x64 = Release|x64
		Release|x86 = Release|x86
	EndGlobalSection
	GlobalSection(ProjectConfigurationPlatforms) = postSolution
		{3B6CC82A-C607-4A45-B5A5-217AC3233016}.Debug|x64.ActiveCfg = Debug|x64
		{3B6CC82A-C607-4A45-B5A5-217AC3233016}.Debug|x64.Build.0 = Debug|x64
		{3B6CC82A-C607-4A45-B5A5-217AC3233016}.Debug|x86.ActiveCfg = Debug|Win32
		{3B6CC82A-C607-4A45-B5A5-217AC3233016}.Debug|x86.Build.0 = Debug|Win32
		{3B6CC82A-C607-4A45-B5A5-217AC3233016}.Release|x64.ActiveCfg = Release|x64
		{3B6CC82A-C607-4A45-B5A5-217AC3233016}.Release|x64.Build.0 = Release|x64
		{3B6CC82A-C607-4A45-B5A5-217AC3233016}.Release|x86.ActiveCfg = Release|Win32
		{3B6CC82A-C607-4A45-B5A5-217AC3233016}.Release|x86.Build.0 = Release|Win32
		{1E20C0A2-EE8B-46E8-A952-ADC2ED3054B4}.Debug|x64.ActiveCfg = Debug|x64
		{1E20C0A2-EE8B-46E8-A952-ADC2ED3054B4}.Debug|x64.Build.0 = Debug|x64
		{1E20C0A2-EE8B-46E8-A952-ADC2ED3054B4}.Debug|x86.ActiveCfg = Debug|Win32
		{1E20C0A2-EE8B-46E8-A952-ADC2ED3054B4}.Debug|x86.Build.0 = Debug|Win32
		{1E20C0A2-EE8B-46E8-A952-ADC2ED3054B4}.Release|x64.ActiveCfg = Release|x64
		{1E20C0A2-EE8B-46E8-A952-ADC2ED3054B4}.Release|x64.Build.0 = Release|x64
		{1E20C0A2-EE8B-46E8-A952-ADC2ED3054B4}.Release|x86.ActiveCfg = Release|Win32
		{1E20C0A2-EE8B-46E8-A952-ADC2ED3054B4}.Release|x86.Build.0 = Release|Win32
		{DB08A26D-E9D3-4EE8-A4EF-E4B8745D90B8}.Debug|x64.ActiveCfg = Debug|x64
		{DB08A26D-E9D3-4EE8-A4EF-E4B8745D90B8}.Debug|x64.Build.0 = Debug|x64
		{DB08A26D-E9D3-4EE8-A4EF-E4B8745D90B8}.Debug|x86.ActiveCfg = Debug|Win32
		{DB08A26D-E9D3-4EE8-A4EF-E4B8745D90B8}.Debug|x86.Build.0 = Debug|Win32
		{DB08A26D-E9D3-4EE8-A4EF-E4B8745D90B8}.Release|x64.ActiveCfg = Release|x64
		{DB08A26D-E9D3-4EE8-A4EF-E4B8745D90B8}.Release|x64.Build.0 = Release|x64
		{DB08A26D-E9D3-4EE8-A4EF-E4B8745D90B8}.Release|x86.ActiveCfg = Release|Win32
		{DB08A26D-E9D3-4EE8-A4EF-E4B8745D90B8}.Release|x86.Build.0 = Release|Win32
	EndGlobalSection
	GlobalSection(SolutionProperties) = preSolution
		HideSolutionNode = FALSE
	EndGlobalSection
	GlobalSection(ExtensibilityGlobals) = postSolution
		SolutionGuid = {DF30360F-9FAB-4A35-825F-0E539BE7E415}
	EndGlobalSection
EndGlobal
