<?xml version="1.0" encoding="utf-8"?>
<Project ToolsVersion="4.0" xmlns="http://schemas.microsoft.com/developer/msbuild/2003">
  <ItemGroup>
    <Filter Include="src">
      <UniqueIdentifier>{34120ba6-9126-4568-a8a8-b4798df622de}</UniqueIdentifier>
    </Filter>
    <Filter Include="src\job">
      <UniqueIdentifier>{e7396217-cee4-4b92-85f8-3f8e56d307ed}</UniqueIdentifier>
    </Filter>
    <Filter Include="src\handdler">
      <UniqueIdentifier>{ad451cd1-2e42-45d3-bb33-ee6aa8e71774}</UniqueIdentifier>
    </Filter>
  </ItemGroup>
  <ItemGroup>
    <ClCompile Include="src\network.cpp">
      <Filter>src</Filter>
    </ClCompile>
    <ClCompile Include="src\socket.cpp">
      <Filter>src</Filter>
    </ClCompile>
    <ClCompile Include="src\jobaccept.cpp">
      <Filter>src\job</Filter>
    </ClCompile>
    <ClCompile Include="src\netmodule.cpp">
      <Filter>src</Filter>
    </ClCompile>
    <ClCompile Include="src\tcphandler.cpp">
      <Filter>src\handdler</Filter>
    </ClCompile>
    <ClCompile Include="src\listenhandler.cpp">
      <Filter>src\handdler</Filter>
    </ClCompile>
    <ClCompile Include="src\jobrecv.cpp">
      <Filter>src\job</Filter>
    </ClCompile>
    <ClCompile Include="src\jobdisconnect.cpp">
      <Filter>src\job</Filter>
    </ClCompile>
  </ItemGroup>
  <ItemGroup>
    <ClInclude Include="src\network.h">
      <Filter>src</Filter>
    </ClInclude>
    <ClInclude Include="src\socket.h">
      <Filter>src</Filter>
    </ClInclude>
    <ClInclude Include="src\job.h">
      <Filter>src\job</Filter>
    </ClInclude>
    <ClInclude Include="src\jobaccept.h">
      <Filter>src\job</Filter>
    </ClInclude>
    <ClInclude Include="src\netmodule.h">
      <Filter>src</Filter>
    </ClInclude>
    <ClInclude Include="src\tcphandler.h">
      <Filter>src\handdler</Filter>
    </ClInclude>
    <ClInclude Include="src\listenhandler.h">
      <Filter>src\handdler</Filter>
    </ClInclude>
    <ClInclude Include="src\basehandler.h">
      <Filter>src\handdler</Filter>
    </ClInclude>
    <ClInclude Include="src\netcallback.h">
      <Filter>src</Filter>
    </ClInclude>
    <ClInclude Include="src\jobrecv.h">
      <Filter>src\job</Filter>
    </ClInclude>
    <ClInclude Include="src\jobdisconnect.h">
      <Filter>src\job</Filter>
    </ClInclude>
  </ItemGroup>
</Project>